
Microsoft Visual Studio Solution File, Format Version 12.00
# Visual Studio Version 16
VisualStudioVersion = 16.0.31321.278
MinimumVisualStudioVersion = 10.0.40219.1
Project("{9A19103F-16F7-4668-BE54-9A1E7A4F7556}") = "DynamicProgramming.Console", "DynamicProgrammingProblems\DynamicProgramming.Console.csproj", "{41A8AB79-9A14-4A86-8B85-C85336D81831}"
EndProject
Project("{9A19103F-16F7-4668-BE54-9A1E7A4F7556}") = "DynamicProgramming.UnitTests", "DynamicProgramming.UnitTests\DynamicProgramming.UnitTests.csproj", "{A5E87AC5-2227-41A2-ADA9-F09F5F8D6077}"
EndProject
Project("{9A19103F-16F7-4668-BE54-9A1E7A4F7556}") = "DynamicProgramming.GridTraveler", "DynamicProgramming.GridTraveler\DynamicProgramming.GridTraveler.csproj", "{EDAEB7D0-AEC5-4A28-ADB8-E7A68EF75E14}"
EndProject
Project("{2150E333-8FDC-42A3-9474-1A3956D46DE8}") = "Solution Items", "Solution Items", "{8BB3A851-A98D-4348-BC4D-E35E14301F10}"
	ProjectSection(SolutionItems) = preProject
		LICENSE.txt = LICENSE.txt
		README.md = README.md
	EndProjectSection
EndProject
Project("{9A19103F-16F7-4668-BE54-9A1E7A4F7556}") = "DynamicProgramming.Fibonacci", "DynamicProgramming.Fibonacci\DynamicProgramming.Fibonacci.csproj", "{973958DA-1705-4995-A213-D86F144E13CF}"
EndProject
Project("{9A19103F-16F7-4668-BE54-9A1E7A4F7556}") = "DynamicProgramming.SumProblems", "DynamicProgramming.SumProblems\DynamicProgramming.SumProblems.csproj", "{3B541F5A-CB7E-498E-BB27-8436AE03E05F}"
EndProject
Global
	GlobalSection(SolutionConfigurationPlatforms) = preSolution
		Debug|Any CPU = Debug|Any CPU
		Release|Any CPU = Release|Any CPU
	EndGlobalSection
	GlobalSection(ProjectConfigurationPlatforms) = postSolution
		{41A8AB79-9A14-4A86-8B85-C85336D81831}.Debug|Any CPU.ActiveCfg = Debug|Any CPU
		{41A8AB79-9A14-4A86-8B85-C85336D81831}.Debug|Any CPU.Build.0 = Debug|Any CPU
		{41A8AB79-9A14-4A86-8B85-C85336D81831}.Release|Any CPU.ActiveCfg = Release|Any CPU
		{41A8AB79-9A14-4A86-8B85-C85336D81831}.Release|Any CPU.Build.0 = Release|Any CPU
		{A5E87AC5-2227-41A2-ADA9-F09F5F8D6077}.Debug|Any CPU.ActiveCfg = Debug|Any CPU
		{A5E87AC5-2227-41A2-ADA9-F09F5F8D6077}.Debug|Any CPU.Build.0 = Debug|Any CPU
		{A5E87AC5-2227-41A2-ADA9-F09F5F8D6077}.Release|Any CPU.ActiveCfg = Release|Any CPU
		{A5E87AC5-2227-41A2-ADA9-F09F5F8D6077}.Release|Any CPU.Build.0 = Release|Any CPU
		{EDAEB7D0-AEC5-4A28-ADB8-E7A68EF75E14}.Debug|Any CPU.ActiveCfg = Debug|Any CPU
		{EDAEB7D0-AEC5-4A28-ADB8-E7A68EF75E14}.Debug|Any CPU.Build.0 = Debug|Any CPU
		{EDAEB7D0-AEC5-4A28-ADB8-E7A68EF75E14}.Release|Any CPU.ActiveCfg = Release|Any CPU
		{EDAEB7D0-AEC5-4A28-ADB8-E7A68EF75E14}.Release|Any CPU.Build.0 = Release|Any CPU
		{973958DA-1705-4995-A213-D86F144E13CF}.Debug|Any CPU.ActiveCfg = Debug|Any CPU
		{973958DA-1705-4995-A213-D86F144E13CF}.Debug|Any CPU.Build.0 = Debug|Any CPU
		{973958DA-1705-4995-A213-D86F144E13CF}.Release|Any CPU.ActiveCfg = Release|Any CPU
		{973958DA-1705-4995-A213-D86F144E13CF}.Release|Any CPU.Build.0 = Release|Any CPU
		{3B541F5A-CB7E-498E-BB27-8436AE03E05F}.Debug|Any CPU.ActiveCfg = Debug|Any CPU
		{3B541F5A-CB7E-498E-BB27-8436AE03E05F}.Debug|Any CPU.Build.0 = Debug|Any CPU
		{3B541F5A-CB7E-498E-BB27-8436AE03E05F}.Release|Any CPU.ActiveCfg = Release|Any CPU
		{3B541F5A-CB7E-498E-BB27-8436AE03E05F}.Release|Any CPU.Build.0 = Release|Any CPU
	EndGlobalSection
	GlobalSection(SolutionProperties) = preSolution
		HideSolutionNode = FALSE
	EndGlobalSection
	GlobalSection(ExtensibilityGlobals) = postSolution
		SolutionGuid = {954AA387-1FD0-4E49-9D08-CEF28528B4C7}
	EndGlobalSection
EndGlobal
